
Microsoft Visual Studio Solution File, Format Version 12.00
# Visual Studio Version 17
VisualStudioVersion = 17.3.32901.215
MinimumVisualStudioVersion = 10.0.40219.1
Project("{FAE04EC0-301F-11D3-BF4B-00C04F79EFBC}") = "P3_2_1214078", "P3_2_1214078\P3_2_1214078.csproj", "{1BF06E57-5EA6-4EE6-B690-C61EBE885850}"
EndProject
Global
	GlobalSection(SolutionConfigurationPlatforms) = preSolution
		Debug|Any CPU = Debug|Any CPU
		Release|Any CPU = Release|Any CPU
	EndGlobalSection
	GlobalSection(ProjectConfigurationPlatforms) = postSolution
		{1BF06E57-5EA6-4EE6-B690-C61EBE885850}.Debug|Any CPU.ActiveCfg = Debug|Any CPU
		{1BF06E57-5EA6-4EE6-B690-C61EBE885850}.Debug|Any CPU.Build.0 = Debug|Any CPU
		{1BF06E57-5EA6-4EE6-B690-C61EBE885850}.Release|Any CPU.ActiveCfg = Release|Any CPU
		{1BF06E57-5EA6-4EE6-B690-C61EBE885850}.Release|Any CPU.Build.0 = Release|Any CPU
	EndGlobalSection
	GlobalSection(SolutionProperties) = preSolution
		HideSolutionNode = FALSE
	EndGlobalSection
	GlobalSection(ExtensibilityGlobals) = postSolution
		SolutionGuid = {AAD1DB5E-B428-4268-AE31-BD2B56280F57}
	EndGlobalSection
EndGlobal
